// !$*UTF8*$!
{
	archiveVersion = 1;
	classes = {
	};
	objectVersion = 48;
	objects = {

/* Begin PBXBuildFile section */
		4AF68ED726F06B53007E2379 /* Tests.swift in Sources */ = {isa = PBXBuildFile; fileRef = ED83F68E20348A760038D96B /* Tests.swift */; };
		4AF68ED926F06E3A007E2379 /* Principal.swift in Sources */ = {isa = PBXBuildFile; fileRef = 4AF68ED826F06E3A007E2379 /* Principal.swift */; };
		4AF68EDA26F06ED3007E2379 /* Principal.swift in Sources */ = {isa = PBXBuildFile; fileRef = 4AF68ED826F06E3A007E2379 /* Principal.swift */; };
		4AF68EDC26F06EE3007E2379 /* VerifyTestOrderObserver.swift in Sources */ = {isa = PBXBuildFile; fileRef = 4AF68EDB26F06EE3007E2379 /* VerifyTestOrderObserver.swift */; };
		4AF68EDD26F06F24007E2379 /* VerifyTestOrderObserver.swift in Sources */ = {isa = PBXBuildFile; fileRef = 4AF68EDB26F06EE3007E2379 /* VerifyTestOrderObserver.swift */; };
		93910C6AAA80A421A5E5B7BD /* Pods_iOS_Tests.framework in Frameworks */ = {isa = PBXBuildFile; fileRef = 51F4347CCECA8D109A694E01 /* Pods_iOS_Tests.framework */; };
		D80147D00180E96861C58065 /* Pods_macOS_Tests.framework in Frameworks */ = {isa = PBXBuildFile; fileRef = E9CFE2AD3F1717E523E92292 /* Pods_macOS_Tests.framework */; };
		ED83F68F20348A760038D96B /* Tests.swift in Sources */ = {isa = PBXBuildFile; fileRef = ED83F68E20348A760038D96B /* Tests.swift */; };
/* End PBXBuildFile section */

/* Begin PBXFileReference section */
		4AF68ECF26F06B2E007E2379 /* iOS_Tests.xctest */ = {isa = PBXFileReference; explicitFileType = wrapper.cfbundle; includeInIndex = 0; path = iOS_Tests.xctest; sourceTree = BUILT_PRODUCTS_DIR; };
		4AF68ED826F06E3A007E2379 /* Principal.swift */ = {isa = PBXFileReference; lastKnownFileType = sourcecode.swift; path = Principal.swift; sourceTree = "<group>"; };
		4AF68EDB26F06EE3007E2379 /* VerifyTestOrderObserver.swift */ = {isa = PBXFileReference; lastKnownFileType = sourcecode.swift; path = VerifyTestOrderObserver.swift; sourceTree = "<group>"; };
		51F4347CCECA8D109A694E01 /* Pods_iOS_Tests.framework */ = {isa = PBXFileReference; explicitFileType = wrapper.framework; includeInIndex = 0; path = Pods_iOS_Tests.framework; sourceTree = BUILT_PRODUCTS_DIR; };
		82C534558BF858B23DDF62F0 /* RepeatableRandom.podspec */ = {isa = PBXFileReference; explicitFileType = text.script.ruby; includeInIndex = 1; name = RepeatableRandom.podspec; path = ../RepeatableRandom.podspec; sourceTree = "<group>"; };
		89C42F39DBC748F4E220C94D /* Pods-iOS-Tests.debug.xcconfig */ = {isa = PBXFileReference; includeInIndex = 1; lastKnownFileType = text.xcconfig; name = "Pods-iOS-Tests.debug.xcconfig"; path = "Target Support Files/Pods-iOS-Tests/Pods-iOS-Tests.debug.xcconfig"; sourceTree = "<group>"; };
		8CC35400E604330B366475D5 /* Pods-iOS-Tests.release.xcconfig */ = {isa = PBXFileReference; includeInIndex = 1; lastKnownFileType = text.xcconfig; name = "Pods-iOS-Tests.release.xcconfig"; path = "Target Support Files/Pods-iOS-Tests/Pods-iOS-Tests.release.xcconfig"; sourceTree = "<group>"; };
		94E1A802E71EB8A9A1FE399C /* README.md */ = {isa = PBXFileReference; includeInIndex = 1; lastKnownFileType = net.daringfireball.markdown; name = README.md; path = ../README.md; sourceTree = "<group>"; };
		ABF7CBFB0B93A77B2DBA0D4F /* Pods-macOS-Tests.release.xcconfig */ = {isa = PBXFileReference; includeInIndex = 1; lastKnownFileType = text.xcconfig; name = "Pods-macOS-Tests.release.xcconfig"; path = "Target Support Files/Pods-macOS-Tests/Pods-macOS-Tests.release.xcconfig"; sourceTree = "<group>"; };
		BC50C934D3C4730C41A08F52 /* Pods-macOS-Tests.debug.xcconfig */ = {isa = PBXFileReference; includeInIndex = 1; lastKnownFileType = text.xcconfig; name = "Pods-macOS-Tests.debug.xcconfig"; path = "Target Support Files/Pods-macOS-Tests/Pods-macOS-Tests.debug.xcconfig"; sourceTree = "<group>"; };
		C7A33802EE5B428ED65AEDED /* Pods_RepeatableRandom_Example.framework */ = {isa = PBXFileReference; explicitFileType = wrapper.framework; includeInIndex = 0; path = Pods_RepeatableRandom_Example.framework; sourceTree = BUILT_PRODUCTS_DIR; };
		E9CFE2AD3F1717E523E92292 /* Pods_macOS_Tests.framework */ = {isa = PBXFileReference; explicitFileType = wrapper.framework; includeInIndex = 0; path = Pods_macOS_Tests.framework; sourceTree = BUILT_PRODUCTS_DIR; };
		ED83F68A20348A760038D96B /* macOS_Tests.xctest */ = {isa = PBXFileReference; explicitFileType = wrapper.cfbundle; includeInIndex = 0; path = macOS_Tests.xctest; sourceTree = BUILT_PRODUCTS_DIR; };
		ED83F68E20348A760038D96B /* Tests.swift */ = {isa = PBXFileReference; lastKnownFileType = sourcecode.swift; path = Tests.swift; sourceTree = "<group>"; };
		ED83F69020348A760038D96B /* Info.plist */ = {isa = PBXFileReference; lastKnownFileType = text.plist.xml; path = Info.plist; sourceTree = "<group>"; };
		F9EE3A4E1BDB1A84BE091747 /* LICENSE */ = {isa = PBXFileReference; includeInIndex = 1; lastKnownFileType = text; name = LICENSE; path = ../LICENSE; sourceTree = "<group>"; };
/* End PBXFileReference section */

/* Begin PBXFrameworksBuildPhase section */
		4AF68ECC26F06B2E007E2379 /* Frameworks */ = {
			isa = PBXFrameworksBuildPhase;
			buildActionMask = 2147483647;
			files = (
				93910C6AAA80A421A5E5B7BD /* Pods_iOS_Tests.framework in Frameworks */,
			);
			runOnlyForDeploymentPostprocessing = 0;
		};
		ED83F68720348A760038D96B /* Frameworks */ = {
			isa = PBXFrameworksBuildPhase;
			buildActionMask = 2147483647;
			files = (
				D80147D00180E96861C58065 /* Pods_macOS_Tests.framework in Frameworks */,
			);
			runOnlyForDeploymentPostprocessing = 0;
		};
/* End PBXFrameworksBuildPhase section */

/* Begin PBXGroup section */
		8F3AE6780BB307AAC60DE7C5 /* Frameworks */ = {
			isa = PBXGroup;
			children = (
				C7A33802EE5B428ED65AEDED /* Pods_RepeatableRandom_Example.framework */,
				E9CFE2AD3F1717E523E92292 /* Pods_macOS_Tests.framework */,
				51F4347CCECA8D109A694E01 /* Pods_iOS_Tests.framework */,
			);
			name = Frameworks;
			sourceTree = "<group>";
		};
		C923904AFF203B95B68ADA3B /* Pods */ = {
			isa = PBXGroup;
			children = (
				BC50C934D3C4730C41A08F52 /* Pods-macOS-Tests.debug.xcconfig */,
				ABF7CBFB0B93A77B2DBA0D4F /* Pods-macOS-Tests.release.xcconfig */,
				89C42F39DBC748F4E220C94D /* Pods-iOS-Tests.debug.xcconfig */,
				8CC35400E604330B366475D5 /* Pods-iOS-Tests.release.xcconfig */,
			);
			path = Pods;
			sourceTree = "<group>";
		};
		ED83F66F20348A760038D96B = {
			isa = PBXGroup;
			children = (
				ED83F69A20348B650038D96B /* Podspec Metadata */,
				ED83F68D20348A760038D96B /* Tests */,
				ED83F67920348A760038D96B /* Products */,
				C923904AFF203B95B68ADA3B /* Pods */,
				8F3AE6780BB307AAC60DE7C5 /* Frameworks */,
			);
			sourceTree = "<group>";
		};
		ED83F67920348A760038D96B /* Products */ = {
			isa = PBXGroup;
			children = (
				ED83F68A20348A760038D96B /* macOS_Tests.xctest */,
				4AF68ECF26F06B2E007E2379 /* iOS_Tests.xctest */,
			);
			name = Products;
			sourceTree = "<group>";
		};
		ED83F68D20348A760038D96B /* Tests */ = {
			isa = PBXGroup;
			children = (
				ED83F68E20348A760038D96B /* Tests.swift */,
				4AF68ED826F06E3A007E2379 /* Principal.swift */,
				4AF68EDB26F06EE3007E2379 /* VerifyTestOrderObserver.swift */,
				ED83F69020348A760038D96B /* Info.plist */,
			);
			path = Tests;
			sourceTree = "<group>";
		};
		ED83F69A20348B650038D96B /* Podspec Metadata */ = {
			isa = PBXGroup;
			children = (
				82C534558BF858B23DDF62F0 /* RepeatableRandom.podspec */,
				94E1A802E71EB8A9A1FE399C /* README.md */,
				F9EE3A4E1BDB1A84BE091747 /* LICENSE */,
			);
			name = "Podspec Metadata";
			sourceTree = "<group>";
		};
/* End PBXGroup section */

/* Begin PBXNativeTarget section */
		4AF68ECE26F06B2E007E2379 /* iOS_Tests */ = {
			isa = PBXNativeTarget;
			buildConfigurationList = 4AF68ED426F06B2E007E2379 /* Build configuration list for PBXNativeTarget "iOS_Tests" */;
			buildPhases = (
				05EC69B7FC7167992B27D9B2 /* [CP] Check Pods Manifest.lock */,
				4AF68ECB26F06B2E007E2379 /* Sources */,
				4AF68ECC26F06B2E007E2379 /* Frameworks */,
				4AF68ECD26F06B2E007E2379 /* Resources */,
				42420F4AE02BDEFB80B8C920 /* [CP] Embed Pods Frameworks */,
			);
			buildRules = (
			);
			dependencies = (
			);
			name = iOS_Tests;
			productName = "iOS-Tests";
			productReference = 4AF68ECF26F06B2E007E2379 /* iOS_Tests.xctest */;
			productType = "com.apple.product-type.bundle.unit-test";
		};
		ED83F68920348A760038D96B /* macOS_Tests */ = {
			isa = PBXNativeTarget;
			buildConfigurationList = ED83F69620348A760038D96B /* Build configuration list for PBXNativeTarget "macOS_Tests" */;
			buildPhases = (
				E432E67343EDC487E3348EFB /* [CP] Check Pods Manifest.lock */,
				ED83F68620348A760038D96B /* Sources */,
				ED83F68720348A760038D96B /* Frameworks */,
				ED83F68820348A760038D96B /* Resources */,
				6DEB10C5CA6D83E927A56115 /* [CP] Embed Pods Frameworks */,
			);
			buildRules = (
			);
			dependencies = (
			);
			name = macOS_Tests;
			productName = RepeatableRandomTests;
			productReference = ED83F68A20348A760038D96B /* macOS_Tests.xctest */;
			productType = "com.apple.product-type.bundle.unit-test";
		};
/* End PBXNativeTarget section */

/* Begin PBXProject section */
		ED83F67020348A760038D96B /* Project object */ = {
			isa = PBXProject;
			attributes = {
				LastSwiftUpdateCheck = 1250;
				LastUpgradeCheck = 1250;
				ORGANIZATIONNAME = CocoaPods;
				TargetAttributes = {
					4AF68ECE26F06B2E007E2379 = {
						CreatedOnToolsVersion = 12.5.1;
						ProvisioningStyle = Automatic;
					};
					ED83F68920348A760038D96B = {
						CreatedOnToolsVersion = 9.0;
						LastSwiftMigration = 1250;
						ProvisioningStyle = Automatic;
					};
				};
			};
			buildConfigurationList = ED83F67320348A760038D96B /* Build configuration list for PBXProject "RepeatableRandom" */;
			compatibilityVersion = "Xcode 8.0";
			developmentRegion = en;
			hasScannedForEncodings = 0;
			knownRegions = (
				en,
				Base,
			);
			mainGroup = ED83F66F20348A760038D96B;
			productRefGroup = ED83F67920348A760038D96B /* Products */;
			projectDirPath = "";
			projectRoot = "";
			targets = (
				ED83F68920348A760038D96B /* macOS_Tests */,
				4AF68ECE26F06B2E007E2379 /* iOS_Tests */,
			);
		};
/* End PBXProject section */

/* Begin PBXResourcesBuildPhase section */
		4AF68ECD26F06B2E007E2379 /* Resources */ = {
			isa = PBXResourcesBuildPhase;
			buildActionMask = 2147483647;
			files = (
			);
			runOnlyForDeploymentPostprocessing = 0;
		};
		ED83F68820348A760038D96B /* Resources */ = {
			isa = PBXResourcesBuildPhase;
			buildActionMask = 2147483647;
			files = (
			);
			runOnlyForDeploymentPostprocessing = 0;
		};
/* End PBXResourcesBuildPhase section */

/* Begin PBXShellScriptBuildPhase section */
		05EC69B7FC7167992B27D9B2 /* [CP] Check Pods Manifest.lock */ = {
			isa = PBXShellScriptBuildPhase;
			buildActionMask = 2147483647;
			files = (
			);
			inputFileListPaths = (
			);
			inputPaths = (
				"${PODS_PODFILE_DIR_PATH}/Podfile.lock",
				"${PODS_ROOT}/Manifest.lock",
			);
			name = "[CP] Check Pods Manifest.lock";
			outputFileListPaths = (
			);
			outputPaths = (
				"$(DERIVED_FILE_DIR)/Pods-iOS-Tests-checkManifestLockResult.txt",
			);
			runOnlyForDeploymentPostprocessing = 0;
			shellPath = /bin/sh;
			shellScript = "diff \"${PODS_PODFILE_DIR_PATH}/Podfile.lock\" \"${PODS_ROOT}/Manifest.lock\" > /dev/null\nif [ $? != 0 ] ; then\n    # print error to STDERR\n    echo \"error: The sandbox is not in sync with the Podfile.lock. Run 'pod install' or update your CocoaPods installation.\" >&2\n    exit 1\nfi\n# This output is used by Xcode 'outputs' to avoid re-running this script phase.\necho \"SUCCESS\" > \"${SCRIPT_OUTPUT_FILE_0}\"\n";
			showEnvVarsInLog = 0;
		};
		42420F4AE02BDEFB80B8C920 /* [CP] Embed Pods Frameworks */ = {
			isa = PBXShellScriptBuildPhase;
			buildActionMask = 2147483647;
			files = (
			);
			inputPaths = (
				"${PODS_ROOT}/Target Support Files/Pods-iOS-Tests/Pods-iOS-Tests-frameworks.sh",
				"${BUILT_PRODUCTS_DIR}/RepeatableRandom-iOS/RepeatableRandom.framework",
			);
			name = "[CP] Embed Pods Frameworks";
			outputPaths = (
				"${TARGET_BUILD_DIR}/${FRAMEWORKS_FOLDER_PATH}/RepeatableRandom.framework",
			);
			runOnlyForDeploymentPostprocessing = 0;
			shellPath = /bin/sh;
			shellScript = "\"${PODS_ROOT}/Target Support Files/Pods-iOS-Tests/Pods-iOS-Tests-frameworks.sh\"\n";
			showEnvVarsInLog = 0;
		};
		6DEB10C5CA6D83E927A56115 /* [CP] Embed Pods Frameworks */ = {
			isa = PBXShellScriptBuildPhase;
			buildActionMask = 2147483647;
			files = (
			);
			inputPaths = (
				"${PODS_ROOT}/Target Support Files/Pods-macOS-Tests/Pods-macOS-Tests-frameworks.sh",
				"${BUILT_PRODUCTS_DIR}/RepeatableRandom-macOS/RepeatableRandom.framework",
			);
			name = "[CP] Embed Pods Frameworks";
			outputPaths = (
				"${TARGET_BUILD_DIR}/${FRAMEWORKS_FOLDER_PATH}/RepeatableRandom.framework",
			);
			runOnlyForDeploymentPostprocessing = 0;
			shellPath = /bin/sh;
			shellScript = "\"${PODS_ROOT}/Target Support Files/Pods-macOS-Tests/Pods-macOS-Tests-frameworks.sh\"\n";
			showEnvVarsInLog = 0;
		};
		E432E67343EDC487E3348EFB /* [CP] Check Pods Manifest.lock */ = {
			isa = PBXShellScriptBuildPhase;
			buildActionMask = 2147483647;
			files = (
			);
			inputFileListPaths = (
			);
			inputPaths = (
				"${PODS_PODFILE_DIR_PATH}/Podfile.lock",
				"${PODS_ROOT}/Manifest.lock",
			);
			name = "[CP] Check Pods Manifest.lock";
			outputFileListPaths = (
			);
			outputPaths = (
				"$(DERIVED_FILE_DIR)/Pods-macOS-Tests-checkManifestLockResult.txt",
			);
			runOnlyForDeploymentPostprocessing = 0;
			shellPath = /bin/sh;
			shellScript = "diff \"${PODS_PODFILE_DIR_PATH}/Podfile.lock\" \"${PODS_ROOT}/Manifest.lock\" > /dev/null\nif [ $? != 0 ] ; then\n    # print error to STDERR\n    echo \"error: The sandbox is not in sync with the Podfile.lock. Run 'pod install' or update your CocoaPods installation.\" >&2\n    exit 1\nfi\n# This output is used by Xcode 'outputs' to avoid re-running this script phase.\necho \"SUCCESS\" > \"${SCRIPT_OUTPUT_FILE_0}\"\n";
			showEnvVarsInLog = 0;
		};
/* End PBXShellScriptBuildPhase section */

/* Begin PBXSourcesBuildPhase section */
		4AF68ECB26F06B2E007E2379 /* Sources */ = {
			isa = PBXSourcesBuildPhase;
			buildActionMask = 2147483647;
			files = (
				4AF68EDA26F06ED3007E2379 /* Principal.swift in Sources */,
				4AF68EDD26F06F24007E2379 /* VerifyTestOrderObserver.swift in Sources */,
				4AF68ED726F06B53007E2379 /* Tests.swift in Sources */,
			);
			runOnlyForDeploymentPostprocessing = 0;
		};
		ED83F68620348A760038D96B /* Sources */ = {
			isa = PBXSourcesBuildPhase;
			buildActionMask = 2147483647;
			files = (
				4AF68ED926F06E3A007E2379 /* Principal.swift in Sources */,
				4AF68EDC26F06EE3007E2379 /* VerifyTestOrderObserver.swift in Sources */,
				ED83F68F20348A760038D96B /* Tests.swift in Sources */,
			);
			runOnlyForDeploymentPostprocessing = 0;
		};
/* End PBXSourcesBuildPhase section */

/* Begin XCBuildConfiguration section */
		4AF68ED526F06B2E007E2379 /* Debug */ = {
			isa = XCBuildConfiguration;
			baseConfigurationReference = 89C42F39DBC748F4E220C94D /* Pods-iOS-Tests.debug.xcconfig */;
			buildSettings = {
				CLANG_ENABLE_OBJC_WEAK = YES;
				CLANG_WARN_DEPRECATED_OBJC_IMPLEMENTATIONS = YES;
				CLANG_WARN_OBJC_IMPLICIT_RETAIN_SELF = YES;
				CODE_SIGN_STYLE = Automatic;
				INFOPLIST_FILE = Tests/Info.plist;
				IPHONEOS_DEPLOYMENT_TARGET = 14.5;
				LD_RUNPATH_SEARCH_PATHS = "$(inherited) @executable_path/Frameworks @loader_path/Frameworks";
				MTL_ENABLE_DEBUG_INFO = INCLUDE_SOURCE;
				MTL_FAST_MATH = YES;
				PRODUCT_BUNDLE_IDENTIFIER = "com.github.paulz.iOS-Tests";
				PRODUCT_NAME = "$(TARGET_NAME)";
				SDKROOT = iphoneos;
				SWIFT_VERSION = 5.0;
				TARGETED_DEVICE_FAMILY = "1,2";
			};
			name = Debug;
		};
		4AF68ED626F06B2E007E2379 /* Release */ = {
			isa = XCBuildConfiguration;
			baseConfigurationReference = 8CC35400E604330B366475D5 /* Pods-iOS-Tests.release.xcconfig */;
			buildSettings = {
				CLANG_ENABLE_OBJC_WEAK = YES;
				CLANG_WARN_DEPRECATED_OBJC_IMPLEMENTATIONS = YES;
				CLANG_WARN_OBJC_IMPLICIT_RETAIN_SELF = YES;
				CODE_SIGN_STYLE = Automatic;
				INFOPLIST_FILE = Tests/Info.plist;
				IPHONEOS_DEPLOYMENT_TARGET = 14.5;
				LD_RUNPATH_SEARCH_PATHS = "$(inherited) @executable_path/Frameworks @loader_path/Frameworks";
				MTL_FAST_MATH = YES;
				PRODUCT_BUNDLE_IDENTIFIER = "com.github.paulz.iOS-Tests";
				PRODUCT_NAME = "$(TARGET_NAME)";
				SDKROOT = iphoneos;
				SWIFT_VERSION = 5.0;
				TARGETED_DEVICE_FAMILY = "1,2";
				VALIDATE_PRODUCT = YES;
			};
			name = Release;
		};
		ED83F69120348A760038D96B /* Debug */ = {
			isa = XCBuildConfiguration;
			buildSettings = {
				ALWAYS_SEARCH_USER_PATHS = NO;
				CLANG_ANALYZER_NONNULL = YES;
				CLANG_ANALYZER_NUMBER_OBJECT_CONVERSION = YES_AGGRESSIVE;
				CLANG_CXX_LANGUAGE_STANDARD = "gnu++14";
				CLANG_CXX_LIBRARY = "libc++";
				CLANG_ENABLE_MODULES = YES;
				CLANG_ENABLE_OBJC_ARC = YES;
				CLANG_WARN_BLOCK_CAPTURE_AUTORELEASING = YES;
				CLANG_WARN_BOOL_CONVERSION = YES;
				CLANG_WARN_COMMA = YES;
				CLANG_WARN_CONSTANT_CONVERSION = YES;
				CLANG_WARN_DEPRECATED_OBJC_IMPLEMENTATIONS = YES;
				CLANG_WARN_DIRECT_OBJC_ISA_USAGE = YES_ERROR;
				CLANG_WARN_DOCUMENTATION_COMMENTS = YES;
				CLANG_WARN_EMPTY_BODY = YES;
				CLANG_WARN_ENUM_CONVERSION = YES;
				CLANG_WARN_INFINITE_RECURSION = YES;
				CLANG_WARN_INT_CONVERSION = YES;
				CLANG_WARN_NON_LITERAL_NULL_CONVERSION = YES;
				CLANG_WARN_OBJC_IMPLICIT_RETAIN_SELF = YES;
				CLANG_WARN_OBJC_LITERAL_CONVERSION = YES;
				CLANG_WARN_OBJC_ROOT_CLASS = YES_ERROR;
				CLANG_WARN_QUOTED_INCLUDE_IN_FRAMEWORK_HEADER = YES;
				CLANG_WARN_RANGE_LOOP_ANALYSIS = YES;
				CLANG_WARN_STRICT_PROTOTYPES = YES;
				CLANG_WARN_SUSPICIOUS_MOVE = YES;
				CLANG_WARN_UNGUARDED_AVAILABILITY = YES_AGGRESSIVE;
				CLANG_WARN_UNREACHABLE_CODE = YES;
				CLANG_WARN__DUPLICATE_METHOD_MATCH = YES;
				CODE_SIGN_IDENTITY = "-";
				COPY_PHASE_STRIP = NO;
				DEBUG_INFORMATION_FORMAT = dwarf;
				ENABLE_STRICT_OBJC_MSGSEND = YES;
				ENABLE_TESTABILITY = YES;
				GCC_C_LANGUAGE_STANDARD = gnu11;
				GCC_DYNAMIC_NO_PIC = NO;
				GCC_NO_COMMON_BLOCKS = YES;
				GCC_OPTIMIZATION_LEVEL = 0;
				GCC_PREPROCESSOR_DEFINITIONS = (
					"DEBUG=1",
					"$(inherited)",
				);
				GCC_WARN_64_TO_32_BIT_CONVERSION = YES;
				GCC_WARN_ABOUT_RETURN_TYPE = YES_ERROR;
				GCC_WARN_UNDECLARED_SELECTOR = YES;
				GCC_WARN_UNINITIALIZED_AUTOS = YES_AGGRESSIVE;
				GCC_WARN_UNUSED_FUNCTION = YES;
				GCC_WARN_UNUSED_VARIABLE = YES;
				MACOSX_DEPLOYMENT_TARGET = 10.13;
				MTL_ENABLE_DEBUG_INFO = YES;
				ONLY_ACTIVE_ARCH = YES;
				SWIFT_ACTIVE_COMPILATION_CONDITIONS = DEBUG;
				SWIFT_OPTIMIZATION_LEVEL = "-Onone";
			};
			name = Debug;
		};
		ED83F69220348A760038D96B /* Release */ = {
			isa = XCBuildConfiguration;
			buildSettings = {
				ALWAYS_SEARCH_USER_PATHS = NO;
				CLANG_ANALYZER_NONNULL = YES;
				CLANG_ANALYZER_NUMBER_OBJECT_CONVERSION = YES_AGGRESSIVE;
				CLANG_CXX_LANGUAGE_STANDARD = "gnu++14";
				CLANG_CXX_LIBRARY = "libc++";
				CLANG_ENABLE_MODULES = YES;
				CLANG_ENABLE_OBJC_ARC = YES;
				CLANG_WARN_BLOCK_CAPTURE_AUTORELEASING = YES;
				CLANG_WARN_BOOL_CONVERSION = YES;
				CLANG_WARN_COMMA = YES;
				CLANG_WARN_CONSTANT_CONVERSION = YES;
				CLANG_WARN_DEPRECATED_OBJC_IMPLEMENTATIONS = YES;
				CLANG_WARN_DIRECT_OBJC_ISA_USAGE = YES_ERROR;
				CLANG_WARN_DOCUMENTATION_COMMENTS = YES;
				CLANG_WARN_EMPTY_BODY = YES;
				CLANG_WARN_ENUM_CONVERSION = YES;
				CLANG_WARN_INFINITE_RECURSION = YES;
				CLANG_WARN_INT_CONVERSION = YES;
				CLANG_WARN_NON_LITERAL_NULL_CONVERSION = YES;
				CLANG_WARN_OBJC_IMPLICIT_RETAIN_SELF = YES;
				CLANG_WARN_OBJC_LITERAL_CONVERSION = YES;
				CLANG_WARN_OBJC_ROOT_CLASS = YES_ERROR;
				CLANG_WARN_QUOTED_INCLUDE_IN_FRAMEWORK_HEADER = YES;
				CLANG_WARN_RANGE_LOOP_ANALYSIS = YES;
				CLANG_WARN_STRICT_PROTOTYPES = YES;
				CLANG_WARN_SUSPICIOUS_MOVE = YES;
				CLANG_WARN_UNGUARDED_AVAILABILITY = YES_AGGRESSIVE;
				CLANG_WARN_UNREACHABLE_CODE = YES;
				CLANG_WARN__DUPLICATE_METHOD_MATCH = YES;
				CODE_SIGN_IDENTITY = "-";
				COPY_PHASE_STRIP = NO;
				DEBUG_INFORMATION_FORMAT = "dwarf-with-dsym";
				ENABLE_NS_ASSERTIONS = NO;
				ENABLE_STRICT_OBJC_MSGSEND = YES;
				GCC_C_LANGUAGE_STANDARD = gnu11;
				GCC_NO_COMMON_BLOCKS = YES;
				GCC_WARN_64_TO_32_BIT_CONVERSION = YES;
				GCC_WARN_ABOUT_RETURN_TYPE = YES_ERROR;
				GCC_WARN_UNDECLARED_SELECTOR = YES;
				GCC_WARN_UNINITIALIZED_AUTOS = YES_AGGRESSIVE;
				GCC_WARN_UNUSED_FUNCTION = YES;
				GCC_WARN_UNUSED_VARIABLE = YES;
				MACOSX_DEPLOYMENT_TARGET = 10.13;
				MTL_ENABLE_DEBUG_INFO = NO;
				SWIFT_OPTIMIZATION_LEVEL = "-Owholemodule";
			};
			name = Release;
		};
		ED83F69720348A760038D96B /* Debug */ = {
			isa = XCBuildConfiguration;
			baseConfigurationReference = BC50C934D3C4730C41A08F52 /* Pods-macOS-Tests.debug.xcconfig */;
			buildSettings = {
				CODE_SIGN_STYLE = Automatic;
				COMBINE_HIDPI_IMAGES = YES;
				INFOPLIST_FILE = Tests/Info.plist;
				LD_RUNPATH_SEARCH_PATHS = "$(inherited) @executable_path/../Frameworks @loader_path/../Frameworks";
				PRODUCT_BUNDLE_IDENTIFIER = "org.cocoapods.demo.RepeatableRandom-Tests";
				PRODUCT_NAME = "$(TARGET_NAME)";
				SDKROOT = macosx;
				SWIFT_VERSION = 5.0;
			};
			name = Debug;
		};
		ED83F69820348A760038D96B /* Release */ = {
			isa = XCBuildConfiguration;
			baseConfigurationReference = ABF7CBFB0B93A77B2DBA0D4F /* Pods-macOS-Tests.release.xcconfig */;
			buildSettings = {
				CODE_SIGN_STYLE = Automatic;
				COMBINE_HIDPI_IMAGES = YES;
				INFOPLIST_FILE = Tests/Info.plist;
				LD_RUNPATH_SEARCH_PATHS = "$(inherited) @executable_path/../Frameworks @loader_path/../Frameworks";
				PRODUCT_BUNDLE_IDENTIFIER = "org.cocoapods.demo.RepeatableRandom-Tests";
				PRODUCT_NAME = "$(TARGET_NAME)";
				SDKROOT = macosx;
				SWIFT_VERSION = 5.0;
			};
			name = Release;
		};
/* End XCBuildConfiguration section */

/* Begin XCConfigurationList section */
		4AF68ED426F06B2E007E2379 /* Build configuration list for PBXNativeTarget "iOS_Tests" */ = {
			isa = XCConfigurationList;
			buildConfigurations = (
				4AF68ED526F06B2E007E2379 /* Debug */,
				4AF68ED626F06B2E007E2379 /* Release */,
			);
			defaultConfigurationIsVisible = 0;
			defaultConfigurationName = Release;
		};
		ED83F67320348A760038D96B /* Build configuration list for PBXProject "RepeatableRandom" */ = {
			isa = XCConfigurationList;
			buildConfigurations = (
				ED83F69120348A760038D96B /* Debug */,
				ED83F69220348A760038D96B /* Release */,
			);
			defaultConfigurationIsVisible = 0;
			defaultConfigurationName = Release;
		};
		ED83F69620348A760038D96B /* Build configuration list for PBXNativeTarget "macOS_Tests" */ = {
			isa = XCConfigurationList;
			buildConfigurations = (
				ED83F69720348A760038D96B /* Debug */,
				ED83F69820348A760038D96B /* Release */,
			);
			defaultConfigurationIsVisible = 0;
			defaultConfigurationName = Release;
		};
/* End XCConfigurationList section */
	};
	rootObject = ED83F67020348A760038D96B /* Project object */;
}
